<?xml version="1.0" encoding="UTF-8"?>
<CONFIG>
  <ProjectOptions>
    <Version Value="10"/>
    <PathDelim Value="\"/>
    <General>
      <Flags>
        <LRSInOutputDirectory Value="False"/>
      </Flags>
      <SessionStorage Value="InProjectDir"/>
      <MainUnit Value="0"/>
      <AutoCreateForms Value="False"/>
      <Scaled Value="True"/>
      <UseAppBundle Value="False"/>
      <UseXPManifest Value="True"/>
      <XPManifest>
        <DpiAware Value="True"/>
      </XPManifest>
      <Icon Value="0"/>
    </General>
    <VersionInfo>
      <UseVersionInfo Value="True"/>
      <MajorVersionNr Value="5"/>
      <MinorVersionNr Value="17"/>
      <RevisionNr Value="0"/>
      <StringTable CompanyName="Transmission Remote GUI working group" FileDescription="Transmission Remote GUI" InternalName="transgui" LegalCopyright="Copyright (c) 2008-2019 by Yury Sidorov &amp; Transmission Remote GUI working group" OriginalFilename="transgui.exe" ProductName="Transmission Remote GUI" ProductVersion="5.17.0"/>
    </VersionInfo>
    <BuildModes Count="1">
      <Item1 Name="default" Default="True"/>
    </BuildModes>
    <PublishOptions>
      <Version Value="2"/>
      <DestinationDirectory Value="\home\pi\project\0"/>
      <IgnoreBinaries Value="False"/>
      <IncludeFileFilter Value="*.(pas|pp|inc|lfm|lpr|lrs|lpi|lpk|sh|xml)"/>
      <ExcludeFileFilter Value="*.(bak|ppu|ppw|o|so);*~;backup"/>
    </PublishOptions>
    <RunParams>
      <local>
        <FormatVersion Value="1"/>
        <CommandLineParams Value="--home=home"/>
        <LaunchingApplication PathPlusParams="\usr\X11R6\bin\xterm -T 'Lazarus Run Output' -e $(LazarusDir)\tools\runwait.sh $(TargetCmdLine)"/>
      </local>
    </RunParams>
    <RequiredPackages Count="2">
      <Item1>
        <PackageName Value="trcomp"/>
        <MinVersion Major="1" Valid="True"/>
      </Item1>
      <Item2>
        <PackageName Value="LCL"/>
      </Item2>
    </RequiredPackages>
    <Units Count="20">
      <Unit0>
        <Filename Value="transgui.lpr"/>
        <IsPartOfProject Value="True"/>
      </Unit0>
      <Unit1>
        <Filename Value="main.pas"/>
        <IsPartOfProject Value="True"/>
        <ComponentName Value="MainForm"/>
        <HasResources Value="True"/>
        <ResourceBaseClass Value="Form"/>
        <UnitName Value="Main"/>
      </Unit1>
      <Unit2>
        <Filename Value="rpc.pas"/>
        <IsPartOfProject Value="True"/>
      </Unit2>
      <Unit3>
        <Filename Value="addtorrent.pas"/>
        <IsPartOfProject Value="True"/>
        <ComponentName Value="AddTorrentForm"/>
        <HasResources Value="True"/>
        <ResourceBaseClass Value="Form"/>
        <UnitName Value="AddTorrent"/>
      </Unit3>
      <Unit4>
        <Filename Value="connoptions.pas"/>
        <IsPartOfProject Value="True"/>
        <ComponentName Value="ConnOptionsForm"/>
        <HasResources Value="True"/>
        <ResourceBaseClass Value="Form"/>
        <UnitName Value="ConnOptions"/>
      </Unit4>
      <Unit5>
        <Filename Value="varlist.pas"/>
        <IsPartOfProject Value="True"/>
      </Unit5>
      <Unit6>
        <Filename Value="torrprops.pas"/>
        <IsPartOfProject Value="True"/>
        <ComponentName Value="TorrPropsForm"/>
        <HasResources Value="True"/>
        <ResourceBaseClass Value="Form"/>
        <UnitName Value="TorrProps"/>
      </Unit6>
      <Unit7>
        <Filename Value="daemonoptions.pas"/>
        <IsPartOfProject Value="True"/>
        <ComponentName Value="DaemonOptionsForm"/>
        <HasResources Value="True"/>
        <ResourceBaseClass Value="Form"/>
        <UnitName Value="DaemonOptions"/>
      </Unit7>
      <Unit8>
        <Filename Value="about.pas"/>
        <IsPartOfProject Value="True"/>
        <ComponentName Value="AboutForm"/>
        <HasResources Value="True"/>
        <ResourceBaseClass Value="Form"/>
        <UnitName Value="About"/>
      </Unit8>
      <Unit9>
        <Filename Value="ipresolver.pas"/>
        <IsPartOfProject Value="True"/>
        <UnitName Value="IpResolver"/>
      </Unit9>
      <Unit10>
        <Filename Value="download.pas"/>
        <IsPartOfProject Value="True"/>
        <ComponentName Value="DownloadForm"/>
        <HasResources Value="True"/>
        <ResourceBaseClass Value="Form"/>
      </Unit10>
      <Unit11>
        <Filename Value="colsetup.pas"/>
        <IsPartOfProject Value="True"/>
        <ComponentName Value="ColSetupForm"/>
        <HasResources Value="True"/>
        <ResourceBaseClass Value="Form"/>
        <UnitName Value="ColSetup"/>
      </Unit11>
      <Unit12>
        <Filename Value="utils.pas"/>
        <IsPartOfProject Value="True"/>
      </Unit12>
      <Unit13>
        <Filename Value="restranslator.pas"/>
        <IsPartOfProject Value="True"/>
        <UnitName Value="ResTranslator"/>
      </Unit13>
      <Unit14>
        <Filename Value="addlink.pas"/>
        <IsPartOfProject Value="True"/>
        <ComponentName Value="AddLinkForm"/>
        <HasResources Value="True"/>
        <ResourceBaseClass Value="Form"/>
        <UnitName Value="AddLink"/>
      </Unit14>
      <Unit15>
        <Filename Value="movetorrent.pas"/>
        <IsPartOfProject Value="True"/>
        <ComponentName Value="MoveTorrentForm"/>
        <HasResources Value="True"/>
        <ResourceBaseClass Value="Form"/>
        <UnitName Value="MoveTorrent"/>
      </Unit15>
      <Unit16>
        <Filename Value="addtracker.pas"/>
        <IsPartOfProject Value="True"/>
        <ComponentName Value="AddTrackerForm"/>
        <HasResources Value="True"/>
        <ResourceBaseClass Value="Form"/>
        <UnitName Value="AddTracker"/>
      </Unit16>
      <Unit17>
        <Filename Value="options.pas"/>
        <IsPartOfProject Value="True"/>
        <ComponentName Value="OptionsForm"/>
        <HasResources Value="True"/>
        <ResourceBaseClass Value="Form"/>
        <UnitName Value="Options"/>
      </Unit17>
      <Unit18>
        <Filename Value="baseform.pas"/>
        <IsPartOfProject Value="True"/>
        <ComponentName Value="BaseForm"/>
        <HasResources Value="True"/>
        <ResourceBaseClass Value="Form"/>
        <UnitName Value="BaseForm"/>
      </Unit18>
      <Unit19>
        <Filename Value="passwcon.pas"/>
        <IsPartOfProject Value="True"/>
        <ComponentName Value="PasswordConnect"/>
        <HasResources Value="True"/>
        <ResourceBaseClass Value="Form"/>
      </Unit19>
    </Units>
  </ProjectOptions>
  <CompilerOptions>
    <Version Value="11"/>
    <PathDelim Value="\"/>
    <SearchPaths>
      <IncludeFiles Value="synapse\source\lib"/>
      <OtherUnitFiles Value="synapse\source\lib"/>
      <UnitOutputDirectory Value="units"/>
    </SearchPaths>
    <Parsing>
      <SyntaxOptions>
        <CStyleOperator Value="False"/>
        <UseAnsiStrings Value="False"/>
      </SyntaxOptions>
    </Parsing>
    <CodeGeneration>
      <SmallerCode Value="True"/>
    </CodeGeneration>
    <Other>
      <Verbosity>
        <ShowHints Value="False"/>
      </Verbosity>
      <CustomOptions Value="-Sa -CX -XX"/>
      <ExecuteBefore>
        <ShowAllMessages Value="True"/>
      </ExecuteBefore>
      <ExecuteAfter>
        <ShowAllMessages Value="True"/>
      </ExecuteAfter>
    </Other>
  </CompilerOptions>
  <Debugging>
    <Exceptions Count="4">
      <Item1>
        <Name Value="EInvalidCast"/>
      </Item1>
      <Item2>
        <Name Value="RunError(219)"/>
      </Item2>
      <Item3>
        <Name Value="RunError(216)"/>
      </Item3>
      <Item4>
        <Name Value="EAccessViolation"/>
      </Item4>
    </Exceptions>
  </Debugging>
</CONFIG>
